
Microsoft Visual Studio Solution File, Format Version 12.00
# Visual Studio 2015
Project("{FAE04EC0-301F-11D3-BF4B-00C04F79EFBC}") = "Example 3D Platformer", "Example 3D Platformer.csproj", "{188FDEBB-99DD-5B4F-22D9-F1C2E9600CDA}"
EndProject
Global
	GlobalSection(SolutionConfigurationPlatforms) = preSolution
		Debug|Any CPU = Debug|Any CPU
		Release|Any CPU = Release|Any CPU
	EndGlobalSection
	GlobalSection(ProjectConfigurationPlatforms) = postSolution
		{188FDEBB-99DD-5B4F-22D9-F1C2E9600CDA}.Debug|Any CPU.ActiveCfg = Debug|Any CPU
		{188FDEBB-99DD-5B4F-22D9-F1C2E9600CDA}.Debug|Any CPU.Build.0 = Debug|Any CPU
		{188FDEBB-99DD-5B4F-22D9-F1C2E9600CDA}.Release|Any CPU.ActiveCfg = Release|Any CPU
		{188FDEBB-99DD-5B4F-22D9-F1C2E9600CDA}.Release|Any CPU.Build.0 = Release|Any CPU
	EndGlobalSection
	GlobalSection(SolutionProperties) = preSolution
		HideSolutionNode = FALSE
	EndGlobalSection
EndGlobal
